
Microsoft Visual Studio Solution File, Format Version 12.00
# Visual Studio 15
VisualStudioVersion = 15.0.26430.16
MinimumVisualStudioVersion = 10.0.40219.1
Project("{FAE04EC0-301F-11D3-BF4B-00C04F79EFBC}") = "EVTC-2-CSV", "EVTC-2-CSV\EVTC-2-CSV.csproj", "{879E81F5-4639-4878-AE63-16378392CFBB}"
EndProject
Global
	GlobalSection(SolutionConfigurationPlatforms) = preSolution
		Debug|Any CPU = Debug|Any CPU
		Release|Any CPU = Release|Any CPU
	EndGlobalSection
	GlobalSection(ProjectConfigurationPlatforms) = postSolution
		{879E81F5-4639-4878-AE63-16378392CFBB}.Debug|Any CPU.ActiveCfg = Debug|Any CPU
		{879E81F5-4639-4878-AE63-16378392CFBB}.Debug|Any CPU.Build.0 = Debug|Any CPU
		{879E81F5-4639-4878-AE63-16378392CFBB}.Release|Any CPU.ActiveCfg = Release|Any CPU
		{879E81F5-4639-4878-AE63-16378392CFBB}.Release|Any CPU.Build.0 = Release|Any CPU
	EndGlobalSection
	GlobalSection(SolutionProperties) = preSolution
		HideSolutionNode = FALSE
	EndGlobalSection
EndGlobal
